
Microsoft Visual Studio Solution File, Format Version 12.00
# Visual Studio Version 17
VisualStudioVersion = 17.3.32811.315
MinimumVisualStudioVersion = 10.0.40219.1
Project("{FAE04EC0-301F-11D3-BF4B-00C04F79EFBC}") = "ReproductorMusica-G2-2024-I", "ReproductorMusica-G2-2024-I.csproj", "{28C91C82-EB0E-42D8-943A-D08F73B4A015}"
EndProject
Project("{FAE04EC0-301F-11D3-BF4B-00C04F79EFBC}") = "Autenticacion-G2-2024-I", "..\Autenticacion-G2-2024-I\Autenticacion-G2-2024-I.csproj", "{06300F76-064C-44C4-8B84-34B8BDF171E8}"
EndProject
Project("{FAE04EC0-301F-11D3-BF4B-00C04F79EFBC}") = "bIblioUsuarioG2-2024-I", "..\bIblioUsuarioG2-2024-I\bIblioUsuarioG2-2024-I.csproj", "{22A2F410-B7F2-4B17-957B-569A256E9CAF}"
EndProject
Global
	GlobalSection(SolutionConfigurationPlatforms) = preSolution
		Debug|Any CPU = Debug|Any CPU
		Release|Any CPU = Release|Any CPU
	EndGlobalSection
	GlobalSection(ProjectConfigurationPlatforms) = postSolution
		{28C91C82-EB0E-42D8-943A-D08F73B4A015}.Debug|Any CPU.ActiveCfg = Debug|Any CPU
		{28C91C82-EB0E-42D8-943A-D08F73B4A015}.Debug|Any CPU.Build.0 = Debug|Any CPU
		{28C91C82-EB0E-42D8-943A-D08F73B4A015}.Release|Any CPU.ActiveCfg = Release|Any CPU
		{28C91C82-EB0E-42D8-943A-D08F73B4A015}.Release|Any CPU.Build.0 = Release|Any CPU
		{06300F76-064C-44C4-8B84-34B8BDF171E8}.Debug|Any CPU.ActiveCfg = Debug|Any CPU
		{06300F76-064C-44C4-8B84-34B8BDF171E8}.Debug|Any CPU.Build.0 = Debug|Any CPU
		{06300F76-064C-44C4-8B84-34B8BDF171E8}.Release|Any CPU.ActiveCfg = Release|Any CPU
		{06300F76-064C-44C4-8B84-34B8BDF171E8}.Release|Any CPU.Build.0 = Release|Any CPU
		{22A2F410-B7F2-4B17-957B-569A256E9CAF}.Debug|Any CPU.ActiveCfg = Debug|Any CPU
		{22A2F410-B7F2-4B17-957B-569A256E9CAF}.Debug|Any CPU.Build.0 = Debug|Any CPU
		{22A2F410-B7F2-4B17-957B-569A256E9CAF}.Release|Any CPU.ActiveCfg = Release|Any CPU
		{22A2F410-B7F2-4B17-957B-569A256E9CAF}.Release|Any CPU.Build.0 = Release|Any CPU
	EndGlobalSection
	GlobalSection(SolutionProperties) = preSolution
		HideSolutionNode = FALSE
	EndGlobalSection
	GlobalSection(ExtensibilityGlobals) = postSolution
		SolutionGuid = {12B86947-9ECF-4A20-BC32-CAE2F7DBE31C}
	EndGlobalSection
EndGlobal
